{
  "pins" : [
    {
      "identity" : "colorchanginglabel",
      "kind" : "remoteSourceControl",
      "location" : "https://github.com/stateman92/ColorChangingLabel.git",
      "state" : {
        "revision" : "fbaa29337d0b889a7420323e126a32940a099045",
        "version" : "0.0.5"
      }
    },
    {
      "identity" : "tabbarcontroller",
      "kind" : "remoteSourceControl",
      "location" : "https://github.com/stateman92/TabBarController",
      "state" : {
        "revision" : "754b6308fc8fa0f84a466ad18e1a7bd7080ff670",
        "version" : "0.0.2"
      }
    }
  ],
  "version" : 2
}
