{
  "pins" : [
    {
      "identity" : "colorchanginglabel",
      "kind" : "remoteSourceControl",
      "location" : "https://github.com/stateman92/ColorChangingLabel.git",
      "state" : {
        "revision" : "47664939b794a19e1356c209ee85ea694771cc42",
        "version" : "0.0.3"
      }
    },
    {
      "identity" : "tabbarcontroller",
      "kind" : "remoteSourceControl",
      "location" : "https://github.com/stateman92/TabBarController",
      "state" : {
        "revision" : "4127feeffb06f840924945804caf2ab18c60f503",
        "version" : "0.0.1"
      }
    }
  ],
  "version" : 2
}
